# https://www.elastic.co/guide/en/elasticsearch/reference/5.6/setting-system-settings.html#systemd

- name: Create /etc/systemd/system/elasticsearch.service.d/
  file:
    path: "/etc/systemd/system/elasticsearch.service.d/"
    state: directory
    owner: root
    group: elasticsearch
    mode: 0750
  when:
    ansible_facts['distribution'] == "Ubuntu"

- name: Add Memory Lock Settings
  blockinfile:
    state: present
    create: true
    path: /etc/systemd/system/elasticsearch.service.d/override.conf
    block: |
      [Service]
      LimitMEMLOCK=infinity

- name: Add Memory Lock Settings
  blockinfile:
    state: present
    create: false
    path: /etc/security/limits.conf
    block: |
      elasticsearch soft memlock unlimited
      elasticsearch hard memlock unlimited

- name: Reload Systemd Daemon
  #command: systemctl daemon-reload
  ansible.builtin.systemd_service:
    daemon_reload: true
